{
  "name": "projects-dashboard-backend",
  "lockfileVersion": 2,
  "requires": true,
  "packages": {
    "": {
      "dependencies": {
        "vue-simple-upload": "^0.1.6"
      }
    },
    "node_modules/vue-simple-upload": {
      "version": "0.1.6",
      "resolved": "https://registry.npmjs.org/vue-simple-upload/-/vue-simple-upload-0.1.6.tgz",
      "integrity": "sha512-HdkEI3hkjfoN5IAvcIv1uFJVOoIhZeDyvVoGaVmhRHhyn7DaI2oE6ZIOy81unLfC3gQFL9yMd2SIYRLEMP6juQ=="
    }
  },
  "dependencies": {
    "vue-simple-upload": {
      "version": "0.1.6",
      "resolved": "https://registry.npmjs.org/vue-simple-upload/-/vue-simple-upload-0.1.6.tgz",
      "integrity": "sha512-HdkEI3hkjfoN5IAvcIv1uFJVOoIhZeDyvVoGaVmhRHhyn7DaI2oE6ZIOy81unLfC3gQFL9yMd2SIYRLEMP6juQ=="
    }
  }
}
